{
  "name": "studiorasolare.github.io",
  "version": "1.0.0",
  "lockfileVersion": 3,
  "requires": true,
  "packages": {
    "": {
      "name": "studiorasolare.github.io",
      "version": "1.0.0",
      "license": "ISC",
      "dependencies": {
        "lesshat": "^4.1.0"
      }
    },
    "node_modules/lesshat": {
      "version": "4.1.0",
      "resolved": "https://registry.npmjs.org/lesshat/-/lesshat-4.1.0.tgz",
      "integrity": "sha512-TrBB7GgAUwK5S1KZw5arpyqwkqUhx62QjZDn9LujUHX7eDkx9ofOorawhGP2yWRbgB0EIILGf8uWW4BHu8MNOA=="
    }
  }
}
